
Microsoft Visual Studio Solution File, Format Version 12.00
# Visual Studio Version 17
VisualStudioVersion = 17.0.32126.317
MinimumVisualStudioVersion = 10.0.40219.1
Project("{FAE04EC0-301F-11D3-BF4B-00C04F79EFBC}") = "DB", "DB\DB.csproj", "{124C90A3-7C54-41A4-9045-8A4DA1307BBF}"
EndProject
Global
	GlobalSection(SolutionConfigurationPlatforms) = preSolution
		Debug|Any CPU = Debug|Any CPU
		Release|Any CPU = Release|Any CPU
	EndGlobalSection
	GlobalSection(ProjectConfigurationPlatforms) = postSolution
		{124C90A3-7C54-41A4-9045-8A4DA1307BBF}.Debug|Any CPU.ActiveCfg = Debug|Any CPU
		{124C90A3-7C54-41A4-9045-8A4DA1307BBF}.Debug|Any CPU.Build.0 = Debug|Any CPU
		{124C90A3-7C54-41A4-9045-8A4DA1307BBF}.Release|Any CPU.ActiveCfg = Release|Any CPU
		{124C90A3-7C54-41A4-9045-8A4DA1307BBF}.Release|Any CPU.Build.0 = Release|Any CPU
	EndGlobalSection
	GlobalSection(SolutionProperties) = preSolution
		HideSolutionNode = FALSE
	EndGlobalSection
	GlobalSection(ExtensibilityGlobals) = postSolution
		SolutionGuid = {1E3E0C0D-9839-41CE-A699-CB2FCE4C8316}
	EndGlobalSection
EndGlobal
